
Microsoft Visual Studio Solution File, Format Version 12.00
# Visual Studio 2013
VisualStudioVersion = 12.0.21005.1
MinimumVisualStudioVersion = 10.0.40219.1
Project("{FAE04EC0-301F-11D3-BF4B-00C04F79EFBC}") = "TestBay", "TestBay\TestBay.csproj", "{FD4310BE-3824-4E5F-942F-DCAA2C16D3A8}"
EndProject
Project("{FAE04EC0-301F-11D3-BF4B-00C04F79EFBC}") = "TestBay_Test", "TestBay_Test\TestBay_Test.csproj", "{4C3F30FD-3D02-4512-9D74-935D4DB6A895}"
EndProject
Global
	GlobalSection(SolutionConfigurationPlatforms) = preSolution
		Debug|Any CPU = Debug|Any CPU
		Release|Any CPU = Release|Any CPU
	EndGlobalSection
	GlobalSection(ProjectConfigurationPlatforms) = postSolution
		{FD4310BE-3824-4E5F-942F-DCAA2C16D3A8}.Debug|Any CPU.ActiveCfg = Debug|Any CPU
		{FD4310BE-3824-4E5F-942F-DCAA2C16D3A8}.Debug|Any CPU.Build.0 = Debug|Any CPU
		{FD4310BE-3824-4E5F-942F-DCAA2C16D3A8}.Release|Any CPU.ActiveCfg = Release|Any CPU
		{FD4310BE-3824-4E5F-942F-DCAA2C16D3A8}.Release|Any CPU.Build.0 = Release|Any CPU
		{4C3F30FD-3D02-4512-9D74-935D4DB6A895}.Debug|Any CPU.ActiveCfg = Debug|Any CPU
		{4C3F30FD-3D02-4512-9D74-935D4DB6A895}.Debug|Any CPU.Build.0 = Debug|Any CPU
		{4C3F30FD-3D02-4512-9D74-935D4DB6A895}.Release|Any CPU.ActiveCfg = Release|Any CPU
		{4C3F30FD-3D02-4512-9D74-935D4DB6A895}.Release|Any CPU.Build.0 = Release|Any CPU
	EndGlobalSection
	GlobalSection(SolutionProperties) = preSolution
		HideSolutionNode = FALSE
	EndGlobalSection
EndGlobal
